PODS:
  - Charts (3.3.0):
    - Charts/Core (= 3.3.0)
  - Charts/Core (3.3.0)

DEPENDENCIES:
  - Charts

SPEC REPOS:
  https://github.com/cocoapods/specs.git:
    - Charts

SPEC CHECKSUMS:
  Charts: ec1f57f9340054155691e84d4544a1d239d382c5

PODFILE CHECKSUM: a6703a456e85094f6cc59a4e2fab97e0a1eca628

COCOAPODS: 1.6.1
