// !$*UTF8*$!
{
	archiveVersion = 1;
	classes = {
	};
	objectVersion = 50;
	objects = {

/* Begin PBXBuildFile section */
		4890F8E42273A14E00291381 /* MoreInfoViewController.swift in Sources */ = {isa = PBXBuildFile; fileRef = 4890F8E32273A14E00291381 /* MoreInfoViewController.swift */; };
		4890F8E62273EB5800291381 /* CryptoContainer.swift in Sources */ = {isa = PBXBuildFile; fileRef = 4890F8E52273EB5800291381 /* CryptoContainer.swift */; };
		48BDF795226F753400A455A3 /* AppDelegate.swift in Sources */ = {isa = PBXBuildFile; fileRef = 48BDF794226F753400A455A3 /* AppDelegate.swift */; };
		48BDF797226F753400A455A3 /* ViewController.swift in Sources */ = {isa = PBXBuildFile; fileRef = 48BDF796226F753400A455A3 /* ViewController.swift */; };
		48BDF79A226F753400A455A3 /* Main.storyboard in Resources */ = {isa = PBXBuildFile; fileRef = 48BDF798226F753400A455A3 /* Main.storyboard */; };
		48BDF79C226F753500A455A3 /* Assets.xcassets in Resources */ = {isa = PBXBuildFile; fileRef = 48BDF79B226F753500A455A3 /* Assets.xcassets */; };
		48BDF79F226F753500A455A3 /* LaunchScreen.storyboard in Resources */ = {isa = PBXBuildFile; fileRef = 48BDF79D226F753500A455A3 /* LaunchScreen.storyboard */; };
		48BDF7AA226F753500A455A3 /* SimplyCryptoTests.swift in Sources */ = {isa = PBXBuildFile; fileRef = 48BDF7A9226F753500A455A3 /* SimplyCryptoTests.swift */; };
		48FA7D1822762DC70068E7B7 /* CoinListViewController.swift in Sources */ = {isa = PBXBuildFile; fileRef = 48FA7D1722762DC70068E7B7 /* CoinListViewController.swift */; };
		4E4132DBB4136C2931C2A4E1 /* Pods_SimplyCrypto.framework in Frameworks */ = {isa = PBXBuildFile; fileRef = 11A65EA0D5E05CEB5EF49FCE /* Pods_SimplyCrypto.framework */; };
		9B54A03EC4819DC5307539CF /* Pods_SimplyCryptoTests.framework in Frameworks */ = {isa = PBXBuildFile; fileRef = 360CD6FF3990BCBF25BA6D36 /* Pods_SimplyCryptoTests.framework */; };
/* End PBXBuildFile section */

/* Begin PBXContainerItemProxy section */
		48BDF7A6226F753500A455A3 /* PBXContainerItemProxy */ = {
			isa = PBXContainerItemProxy;
			containerPortal = 48BDF789226F753400A455A3 /* Project object */;
			proxyType = 1;
			remoteGlobalIDString = 48BDF790226F753400A455A3;
			remoteInfo = SimplyCrypto;
		};
/* End PBXContainerItemProxy section */

/* Begin PBXFileReference section */
		11A65EA0D5E05CEB5EF49FCE /* Pods_SimplyCrypto.framework */ = {isa = PBXFileReference; explicitFileType = wrapper.framework; includeInIndex = 0; path = Pods_SimplyCrypto.framework; sourceTree = BUILT_PRODUCTS_DIR; };
		360CD6FF3990BCBF25BA6D36 /* Pods_SimplyCryptoTests.framework */ = {isa = PBXFileReference; explicitFileType = wrapper.framework; includeInIndex = 0; path = Pods_SimplyCryptoTests.framework; sourceTree = BUILT_PRODUCTS_DIR; };
		4890F8E32273A14E00291381 /* MoreInfoViewController.swift */ = {isa = PBXFileReference; lastKnownFileType = sourcecode.swift; path = MoreInfoViewController.swift; sourceTree = "<group>"; };
		4890F8E52273EB5800291381 /* CryptoContainer.swift */ = {isa = PBXFileReference; lastKnownFileType = sourcecode.swift; path = CryptoContainer.swift; sourceTree = "<group>"; };
		48BDF791226F753400A455A3 /* SimplyCrypto.app */ = {isa = PBXFileReference; explicitFileType = wrapper.application; includeInIndex = 0; path = SimplyCrypto.app; sourceTree = BUILT_PRODUCTS_DIR; };
		48BDF794226F753400A455A3 /* AppDelegate.swift */ = {isa = PBXFileReference; lastKnownFileType = sourcecode.swift; path = AppDelegate.swift; sourceTree = "<group>"; };
		48BDF796226F753400A455A3 /* ViewController.swift */ = {isa = PBXFileReference; lastKnownFileType = sourcecode.swift; path = ViewController.swift; sourceTree = "<group>"; };
		48BDF799226F753400A455A3 /* Base */ = {isa = PBXFileReference; lastKnownFileType = file.storyboard; name = Base; path = Base.lproj/Main.storyboard; sourceTree = "<group>"; };
		48BDF79B226F753500A455A3 /* Assets.xcassets */ = {isa = PBXFileReference; lastKnownFileType = folder.assetcatalog; path = Assets.xcassets; sourceTree = "<group>"; };
		48BDF79E226F753500A455A3 /* Base */ = {isa = PBXFileReference; lastKnownFileType = file.storyboard; name = Base; path = Base.lproj/LaunchScreen.storyboard; sourceTree = "<group>"; };
		48BDF7A0226F753500A455A3 /* Info.plist */ = {isa = PBXFileReference; lastKnownFileType = text.plist.xml; path = Info.plist; sourceTree = "<group>"; };
		48BDF7A5226F753500A455A3 /* SimplyCryptoTests.xctest */ = {isa = PBXFileReference; explicitFileType = wrapper.cfbundle; includeInIndex = 0; path = SimplyCryptoTests.xctest; sourceTree = BUILT_PRODUCTS_DIR; };
		48BDF7A9226F753500A455A3 /* SimplyCryptoTests.swift */ = {isa = PBXFileReference; lastKnownFileType = sourcecode.swift; path = SimplyCryptoTests.swift; sourceTree = "<group>"; };
		48BDF7AB226F753500A455A3 /* Info.plist */ = {isa = PBXFileReference; lastKnownFileType = text.plist.xml; path = Info.plist; sourceTree = "<group>"; };
		48FA7D1722762DC70068E7B7 /* CoinListViewController.swift */ = {isa = PBXFileReference; lastKnownFileType = sourcecode.swift; path = CoinListViewController.swift; sourceTree = "<group>"; };
		65C939DCBD5B0CB86E0C8FA8 /* Pods-SimplyCrypto.debug.xcconfig */ = {isa = PBXFileReference; includeInIndex = 1; lastKnownFileType = text.xcconfig; name = "Pods-SimplyCrypto.debug.xcconfig"; path = "Target Support Files/Pods-SimplyCrypto/Pods-SimplyCrypto.debug.xcconfig"; sourceTree = "<group>"; };
		6C12F2B7F0AAF03142793602 /* Pods-SimplyCrypto.release.xcconfig */ = {isa = PBXFileReference; includeInIndex = 1; lastKnownFileType = text.xcconfig; name = "Pods-SimplyCrypto.release.xcconfig"; path = "Target Support Files/Pods-SimplyCrypto/Pods-SimplyCrypto.release.xcconfig"; sourceTree = "<group>"; };
		CEA458E25FB987BA71D131EF /* Pods-SimplyCryptoTests.debug.xcconfig */ = {isa = PBXFileReference; includeInIndex = 1; lastKnownFileType = text.xcconfig; name = "Pods-SimplyCryptoTests.debug.xcconfig"; path = "Target Support Files/Pods-SimplyCryptoTests/Pods-SimplyCryptoTests.debug.xcconfig"; sourceTree = "<group>"; };
		DFB54FBE051AAF9C32C231C8 /* Pods-SimplyCryptoTests.release.xcconfig */ = {isa = PBXFileReference; includeInIndex = 1; lastKnownFileType = text.xcconfig; name = "Pods-SimplyCryptoTests.release.xcconfig"; path = "Target Support Files/Pods-SimplyCryptoTests/Pods-SimplyCryptoTests.release.xcconfig"; sourceTree = "<group>"; };
/* End PBXFileReference section */

/* Begin PBXFrameworksBuildPhase section */
		48BDF78E226F753400A455A3 /* Frameworks */ = {
			isa = PBXFrameworksBuildPhase;
			buildActionMask = 2147483647;
			files = (
				4E4132DBB4136C2931C2A4E1 /* Pods_SimplyCrypto.framework in Frameworks */,
			);
			runOnlyForDeploymentPostprocessing = 0;
		};
		48BDF7A2226F753500A455A3 /* Frameworks */ = {
			isa = PBXFrameworksBuildPhase;
			buildActionMask = 2147483647;
			files = (
				9B54A03EC4819DC5307539CF /* Pods_SimplyCryptoTests.framework in Frameworks */,
			);
			runOnlyForDeploymentPostprocessing = 0;
		};
/* End PBXFrameworksBuildPhase section */

/* Begin PBXGroup section */
		39B71E4F6A1CD4878C7251D8 /* Pods */ = {
			isa = PBXGroup;
			children = (
				65C939DCBD5B0CB86E0C8FA8 /* Pods-SimplyCrypto.debug.xcconfig */,
				6C12F2B7F0AAF03142793602 /* Pods-SimplyCrypto.release.xcconfig */,
				CEA458E25FB987BA71D131EF /* Pods-SimplyCryptoTests.debug.xcconfig */,
				DFB54FBE051AAF9C32C231C8 /* Pods-SimplyCryptoTests.release.xcconfig */,
			);
			path = Pods;
			sourceTree = "<group>";
		};
		48BDF788226F753400A455A3 = {
			isa = PBXGroup;
			children = (
				48BDF793226F753400A455A3 /* SimplyCrypto */,
				48BDF7A8226F753500A455A3 /* SimplyCryptoTests */,
				48BDF792226F753400A455A3 /* Products */,
				39B71E4F6A1CD4878C7251D8 /* Pods */,
				D3E2AE5206C7196346D518E6 /* Frameworks */,
			);
			sourceTree = "<group>";
		};
		48BDF792226F753400A455A3 /* Products */ = {
			isa = PBXGroup;
			children = (
				48BDF791226F753400A455A3 /* SimplyCrypto.app */,
				48BDF7A5226F753500A455A3 /* SimplyCryptoTests.xctest */,
			);
			name = Products;
			sourceTree = "<group>";
		};
		48BDF793226F753400A455A3 /* SimplyCrypto */ = {
			isa = PBXGroup;
			children = (
				48BDF794226F753400A455A3 /* AppDelegate.swift */,
				48BDF796226F753400A455A3 /* ViewController.swift */,
				48BDF798226F753400A455A3 /* Main.storyboard */,
				48BDF79B226F753500A455A3 /* Assets.xcassets */,
				48BDF79D226F753500A455A3 /* LaunchScreen.storyboard */,
				48BDF7A0226F753500A455A3 /* Info.plist */,
				4890F8E32273A14E00291381 /* MoreInfoViewController.swift */,
				4890F8E52273EB5800291381 /* CryptoContainer.swift */,
				48FA7D1722762DC70068E7B7 /* CoinListViewController.swift */,
			);
			path = SimplyCrypto;
			sourceTree = "<group>";
		};
		48BDF7A8226F753500A455A3 /* SimplyCryptoTests */ = {
			isa = PBXGroup;
			children = (
				48BDF7A9226F753500A455A3 /* SimplyCryptoTests.swift */,
				48BDF7AB226F753500A455A3 /* Info.plist */,
			);
			path = SimplyCryptoTests;
			sourceTree = "<group>";
		};
		D3E2AE5206C7196346D518E6 /* Frameworks */ = {
			isa = PBXGroup;
			children = (
				11A65EA0D5E05CEB5EF49FCE /* Pods_SimplyCrypto.framework */,
				360CD6FF3990BCBF25BA6D36 /* Pods_SimplyCryptoTests.framework */,
			);
			name = Frameworks;
			sourceTree = "<group>";
		};
/* End PBXGroup section */

/* Begin PBXNativeTarget section */
		48BDF790226F753400A455A3 /* SimplyCrypto */ = {
			isa = PBXNativeTarget;
			buildConfigurationList = 48BDF7AE226F753500A455A3 /* Build configuration list for PBXNativeTarget "SimplyCrypto" */;
			buildPhases = (
				E391C3C2E612F4B65C9603C6 /* [CP] Check Pods Manifest.lock */,
				48BDF78D226F753400A455A3 /* Sources */,
				48BDF78E226F753400A455A3 /* Frameworks */,
				48BDF78F226F753400A455A3 /* Resources */,
				9D5D3B647DFDC2D0E6EE8E2C /* [CP] Embed Pods Frameworks */,
			);
			buildRules = (
			);
			dependencies = (
			);
			name = SimplyCrypto;
			productName = SimplyCrypto;
			productReference = 48BDF791226F753400A455A3 /* SimplyCrypto.app */;
			productType = "com.apple.product-type.application";
		};
		48BDF7A4226F753500A455A3 /* SimplyCryptoTests */ = {
			isa = PBXNativeTarget;
			buildConfigurationList = 48BDF7B1226F753500A455A3 /* Build configuration list for PBXNativeTarget "SimplyCryptoTests" */;
			buildPhases = (
				1763C323FA2BE4FA1C65EF80 /* [CP] Check Pods Manifest.lock */,
				48BDF7A1226F753500A455A3 /* Sources */,
				48BDF7A2226F753500A455A3 /* Frameworks */,
				48BDF7A3226F753500A455A3 /* Resources */,
			);
			buildRules = (
			);
			dependencies = (
				48BDF7A7226F753500A455A3 /* PBXTargetDependency */,
			);
			name = SimplyCryptoTests;
			productName = SimplyCryptoTests;
			productReference = 48BDF7A5226F753500A455A3 /* SimplyCryptoTests.xctest */;
			productType = "com.apple.product-type.bundle.unit-test";
		};
/* End PBXNativeTarget section */

/* Begin PBXProject section */
		48BDF789226F753400A455A3 /* Project object */ = {
			isa = PBXProject;
			attributes = {
				LastSwiftUpdateCheck = 1020;
				LastUpgradeCheck = 1020;
				ORGANIZATIONNAME = Group18;
				TargetAttributes = {
					48BDF790226F753400A455A3 = {
						CreatedOnToolsVersion = 10.2.1;
					};
					48BDF7A4226F753500A455A3 = {
						CreatedOnToolsVersion = 10.2.1;
						TestTargetID = 48BDF790226F753400A455A3;
					};
				};
			};
			buildConfigurationList = 48BDF78C226F753400A455A3 /* Build configuration list for PBXProject "SimplyCrypto" */;
			compatibilityVersion = "Xcode 9.3";
			developmentRegion = en;
			hasScannedForEncodings = 0;
			knownRegions = (
				en,
				Base,
			);
			mainGroup = 48BDF788226F753400A455A3;
			productRefGroup = 48BDF792226F753400A455A3 /* Products */;
			projectDirPath = "";
			projectRoot = "";
			targets = (
				48BDF790226F753400A455A3 /* SimplyCrypto */,
				48BDF7A4226F753500A455A3 /* SimplyCryptoTests */,
			);
		};
/* End PBXProject section */

/* Begin PBXResourcesBuildPhase section */
		48BDF78F226F753400A455A3 /* Resources */ = {
			isa = PBXResourcesBuildPhase;
			buildActionMask = 2147483647;
			files = (
				48BDF79F226F753500A455A3 /* LaunchScreen.storyboard in Resources */,
				48BDF79C226F753500A455A3 /* Assets.xcassets in Resources */,
				48BDF79A226F753400A455A3 /* Main.storyboard in Resources */,
			);
			runOnlyForDeploymentPostprocessing = 0;
		};
		48BDF7A3226F753500A455A3 /* Resources */ = {
			isa = PBXResourcesBuildPhase;
			buildActionMask = 2147483647;
			files = (
			);
			runOnlyForDeploymentPostprocessing = 0;
		};
/* End PBXResourcesBuildPhase section */

/* Begin PBXShellScriptBuildPhase section */
		1763C323FA2BE4FA1C65EF80 /* [CP] Check Pods Manifest.lock */ = {
			isa = PBXShellScriptBuildPhase;
			buildActionMask = 2147483647;
			files = (
			);
			inputFileListPaths = (
			);
			inputPaths = (
				"${PODS_PODFILE_DIR_PATH}/Podfile.lock",
				"${PODS_ROOT}/Manifest.lock",
			);
			name = "[CP] Check Pods Manifest.lock";
			outputFileListPaths = (
			);
			outputPaths = (
				"$(DERIVED_FILE_DIR)/Pods-SimplyCryptoTests-checkManifestLockResult.txt",
			);
			runOnlyForDeploymentPostprocessing = 0;
			shellPath = /bin/sh;
			shellScript = "diff \"${PODS_PODFILE_DIR_PATH}/Podfile.lock\" \"${PODS_ROOT}/Manifest.lock\" > /dev/null\nif [ $? != 0 ] ; then\n    # print error to STDERR\n    echo \"error: The sandbox is not in sync with the Podfile.lock. Run 'pod install' or update your CocoaPods installation.\" >&2\n    exit 1\nfi\n# This output is used by Xcode 'outputs' to avoid re-running this script phase.\necho \"SUCCESS\" > \"${SCRIPT_OUTPUT_FILE_0}\"\n";
			showEnvVarsInLog = 0;
		};
		9D5D3B647DFDC2D0E6EE8E2C /* [CP] Embed Pods Frameworks */ = {
			isa = PBXShellScriptBuildPhase;
			buildActionMask = 2147483647;
			files = (
			);
			inputFileListPaths = (
			);
			inputPaths = (
				"${PODS_ROOT}/Target Support Files/Pods-SimplyCrypto/Pods-SimplyCrypto-frameworks.sh",
				"${BUILT_PRODUCTS_DIR}/Charts/Charts.framework",
			);
			name = "[CP] Embed Pods Frameworks";
			outputFileListPaths = (
			);
			outputPaths = (
				"${TARGET_BUILD_DIR}/${FRAMEWORKS_FOLDER_PATH}/Charts.framework",
			);
			runOnlyForDeploymentPostprocessing = 0;
			shellPath = /bin/sh;
			shellScript = "\"${PODS_ROOT}/Target Support Files/Pods-SimplyCrypto/Pods-SimplyCrypto-frameworks.sh\"\n";
			showEnvVarsInLog = 0;
		};
		E391C3C2E612F4B65C9603C6 /* [CP] Check Pods Manifest.lock */ = {
			isa = PBXShellScriptBuildPhase;
			buildActionMask = 2147483647;
			files = (
			);
			inputFileListPaths = (
			);
			inputPaths = (
				"${PODS_PODFILE_DIR_PATH}/Podfile.lock",
				"${PODS_ROOT}/Manifest.lock",
			);
			name = "[CP] Check Pods Manifest.lock";
			outputFileListPaths = (
			);
			outputPaths = (
				"$(DERIVED_FILE_DIR)/Pods-SimplyCrypto-checkManifestLockResult.txt",
			);
			runOnlyForDeploymentPostprocessing = 0;
			shellPath = /bin/sh;
			shellScript = "diff \"${PODS_PODFILE_DIR_PATH}/Podfile.lock\" \"${PODS_ROOT}/Manifest.lock\" > /dev/null\nif [ $? != 0 ] ; then\n    # print error to STDERR\n    echo \"error: The sandbox is not in sync with the Podfile.lock. Run 'pod install' or update your CocoaPods installation.\" >&2\n    exit 1\nfi\n# This output is used by Xcode 'outputs' to avoid re-running this script phase.\necho \"SUCCESS\" > \"${SCRIPT_OUTPUT_FILE_0}\"\n";
			showEnvVarsInLog = 0;
		};
/* End PBXShellScriptBuildPhase section */

/* Begin PBXSourcesBuildPhase section */
		48BDF78D226F753400A455A3 /* Sources */ = {
			isa = PBXSourcesBuildPhase;
			buildActionMask = 2147483647;
			files = (
				4890F8E62273EB5800291381 /* CryptoContainer.swift in Sources */,
				4890F8E42273A14E00291381 /* MoreInfoViewController.swift in Sources */,
				48FA7D1822762DC70068E7B7 /* CoinListViewController.swift in Sources */,
				48BDF797226F753400A455A3 /* ViewController.swift in Sources */,
				48BDF795226F753400A455A3 /* AppDelegate.swift in Sources */,
			);
			runOnlyForDeploymentPostprocessing = 0;
		};
		48BDF7A1226F753500A455A3 /* Sources */ = {
			isa = PBXSourcesBuildPhase;
			buildActionMask = 2147483647;
			files = (
				48BDF7AA226F753500A455A3 /* SimplyCryptoTests.swift in Sources */,
			);
			runOnlyForDeploymentPostprocessing = 0;
		};
/* End PBXSourcesBuildPhase section */

/* Begin PBXTargetDependency section */
		48BDF7A7226F753500A455A3 /* PBXTargetDependency */ = {
			isa = PBXTargetDependency;
			target = 48BDF790226F753400A455A3 /* SimplyCrypto */;
			targetProxy = 48BDF7A6226F753500A455A3 /* PBXContainerItemProxy */;
		};
/* End PBXTargetDependency section */

/* Begin PBXVariantGroup section */
		48BDF798226F753400A455A3 /* Main.storyboard */ = {
			isa = PBXVariantGroup;
			children = (
				48BDF799226F753400A455A3 /* Base */,
			);
			name = Main.storyboard;
			sourceTree = "<group>";
		};
		48BDF79D226F753500A455A3 /* LaunchScreen.storyboard */ = {
			isa = PBXVariantGroup;
			children = (
				48BDF79E226F753500A455A3 /* Base */,
			);
			name = LaunchScreen.storyboard;
			sourceTree = "<group>";
		};
/* End PBXVariantGroup section */

/* Begin XCBuildConfiguration section */
		48BDF7AC226F753500A455A3 /* Debug */ = {
			isa = XCBuildConfiguration;
			buildSettings = {
				ALWAYS_SEARCH_USER_PATHS = NO;
				CLANG_ANALYZER_NONNULL = YES;
				CLANG_ANALYZER_NUMBER_OBJECT_CONVERSION = YES_AGGRESSIVE;
				CLANG_CXX_LANGUAGE_STANDARD = "gnu++14";
				CLANG_CXX_LIBRARY = "libc++";
				CLANG_ENABLE_MODULES = YES;
				CLANG_ENABLE_OBJC_ARC = YES;
				CLANG_ENABLE_OBJC_WEAK = YES;
				CLANG_WARN_BLOCK_CAPTURE_AUTORELEASING = YES;
				CLANG_WARN_BOOL_CONVERSION = YES;
				CLANG_WARN_COMMA = YES;
				CLANG_WARN_CONSTANT_CONVERSION = YES;
				CLANG_WARN_DEPRECATED_OBJC_IMPLEMENTATIONS = YES;
				CLANG_WARN_DIRECT_OBJC_ISA_USAGE = YES_ERROR;
				CLANG_WARN_DOCUMENTATION_COMMENTS = YES;
				CLANG_WARN_EMPTY_BODY = YES;
				CLANG_WARN_ENUM_CONVERSION = YES;
				CLANG_WARN_INFINITE_RECURSION = YES;
				CLANG_WARN_INT_CONVERSION = YES;
				CLANG_WARN_NON_LITERAL_NULL_CONVERSION = YES;
				CLANG_WARN_OBJC_IMPLICIT_RETAIN_SELF = YES;
				CLANG_WARN_OBJC_LITERAL_CONVERSION = YES;
				CLANG_WARN_OBJC_ROOT_CLASS = YES_ERROR;
				CLANG_WARN_RANGE_LOOP_ANALYSIS = YES;
				CLANG_WARN_STRICT_PROTOTYPES = YES;
				CLANG_WARN_SUSPICIOUS_MOVE = YES;
				CLANG_WARN_UNGUARDED_AVAILABILITY = YES_AGGRESSIVE;
				CLANG_WARN_UNREACHABLE_CODE = YES;
				CLANG_WARN__DUPLICATE_METHOD_MATCH = YES;
				CODE_SIGN_IDENTITY = "iPhone Developer";
				COPY_PHASE_STRIP = NO;
				DEBUG_INFORMATION_FORMAT = dwarf;
				ENABLE_STRICT_OBJC_MSGSEND = YES;
				ENABLE_TESTABILITY = YES;
				GCC_C_LANGUAGE_STANDARD = gnu11;
				GCC_DYNAMIC_NO_PIC = NO;
				GCC_NO_COMMON_BLOCKS = YES;
				GCC_OPTIMIZATION_LEVEL = 0;
				GCC_PREPROCESSOR_DEFINITIONS = (
					"DEBUG=1",
					"$(inherited)",
				);
				GCC_WARN_64_TO_32_BIT_CONVERSION = YES;
				GCC_WARN_ABOUT_RETURN_TYPE = YES_ERROR;
				GCC_WARN_UNDECLARED_SELECTOR = YES;
				GCC_WARN_UNINITIALIZED_AUTOS = YES_AGGRESSIVE;
				GCC_WARN_UNUSED_FUNCTION = YES;
				GCC_WARN_UNUSED_VARIABLE = YES;
				IPHONEOS_DEPLOYMENT_TARGET = 12.2;
				MTL_ENABLE_DEBUG_INFO = INCLUDE_SOURCE;
				MTL_FAST_MATH = YES;
				ONLY_ACTIVE_ARCH = YES;
				SDKROOT = iphoneos;
				SWIFT_ACTIVE_COMPILATION_CONDITIONS = DEBUG;
				SWIFT_OPTIMIZATION_LEVEL = "-Onone";
			};
			name = Debug;
		};
		48BDF7AD226F753500A455A3 /* Release */ = {
			isa = XCBuildConfiguration;
			buildSettings = {
				ALWAYS_SEARCH_USER_PATHS = NO;
				CLANG_ANALYZER_NONNULL = YES;
				CLANG_ANALYZER_NUMBER_OBJECT_CONVERSION = YES_AGGRESSIVE;
				CLANG_CXX_LANGUAGE_STANDARD = "gnu++14";
				CLANG_CXX_LIBRARY = "libc++";
				CLANG_ENABLE_MODULES = YES;
				CLANG_ENABLE_OBJC_ARC = YES;
				CLANG_ENABLE_OBJC_WEAK = YES;
				CLANG_WARN_BLOCK_CAPTURE_AUTORELEASING = YES;
				CLANG_WARN_BOOL_CONVERSION = YES;
				CLANG_WARN_COMMA = YES;
				CLANG_WARN_CONSTANT_CONVERSION = YES;
				CLANG_WARN_DEPRECATED_OBJC_IMPLEMENTATIONS = YES;
				CLANG_WARN_DIRECT_OBJC_ISA_USAGE = YES_ERROR;
				CLANG_WARN_DOCUMENTATION_COMMENTS = YES;
				CLANG_WARN_EMPTY_BODY = YES;
				CLANG_WARN_ENUM_CONVERSION = YES;
				CLANG_WARN_INFINITE_RECURSION = YES;
				CLANG_WARN_INT_CONVERSION = YES;
				CLANG_WARN_NON_LITERAL_NULL_CONVERSION = YES;
				CLANG_WARN_OBJC_IMPLICIT_RETAIN_SELF = YES;
				CLANG_WARN_OBJC_LITERAL_CONVERSION = YES;
				CLANG_WARN_OBJC_ROOT_CLASS = YES_ERROR;
				CLANG_WARN_RANGE_LOOP_ANALYSIS = YES;
				CLANG_WARN_STRICT_PROTOTYPES = YES;
				CLANG_WARN_SUSPICIOUS_MOVE = YES;
				CLANG_WARN_UNGUARDED_AVAILABILITY = YES_AGGRESSIVE;
				CLANG_WARN_UNREACHABLE_CODE = YES;
				CLANG_WARN__DUPLICATE_METHOD_MATCH = YES;
				CODE_SIGN_IDENTITY = "iPhone Developer";
				COPY_PHASE_STRIP = NO;
				DEBUG_INFORMATION_FORMAT = "dwarf-with-dsym";
				ENABLE_NS_ASSERTIONS = NO;
				ENABLE_STRICT_OBJC_MSGSEND = YES;
				GCC_C_LANGUAGE_STANDARD = gnu11;
				GCC_NO_COMMON_BLOCKS = YES;
				GCC_WARN_64_TO_32_BIT_CONVERSION = YES;
				GCC_WARN_ABOUT_RETURN_TYPE = YES_ERROR;
				GCC_WARN_UNDECLARED_SELECTOR = YES;
				GCC_WARN_UNINITIALIZED_AUTOS = YES_AGGRESSIVE;
				GCC_WARN_UNUSED_FUNCTION = YES;
				GCC_WARN_UNUSED_VARIABLE = YES;
				IPHONEOS_DEPLOYMENT_TARGET = 12.2;
				MTL_ENABLE_DEBUG_INFO = NO;
				MTL_FAST_MATH = YES;
				SDKROOT = iphoneos;
				SWIFT_COMPILATION_MODE = wholemodule;
				SWIFT_OPTIMIZATION_LEVEL = "-O";
				VALIDATE_PRODUCT = YES;
			};
			name = Release;
		};
		48BDF7AF226F753500A455A3 /* Debug */ = {
			isa = XCBuildConfiguration;
			baseConfigurationReference = 65C939DCBD5B0CB86E0C8FA8 /* Pods-SimplyCrypto.debug.xcconfig */;
			buildSettings = {
				ASSETCATALOG_COMPILER_APPICON_NAME = AppIcon;
				CODE_SIGN_STYLE = Automatic;
				INFOPLIST_FILE = SimplyCrypto/Info.plist;
				LD_RUNPATH_SEARCH_PATHS = (
					"$(inherited)",
					"@executable_path/Frameworks",
				);
				PRODUCT_BUNDLE_IDENTIFIER = group18.SimplyCrypto;
				PRODUCT_NAME = "$(TARGET_NAME)";
				SWIFT_VERSION = 5.0;
				TARGETED_DEVICE_FAMILY = "1,2";
			};
			name = Debug;
		};
		48BDF7B0226F753500A455A3 /* Release */ = {
			isa = XCBuildConfiguration;
			baseConfigurationReference = 6C12F2B7F0AAF03142793602 /* Pods-SimplyCrypto.release.xcconfig */;
			buildSettings = {
				ASSETCATALOG_COMPILER_APPICON_NAME = AppIcon;
				CODE_SIGN_STYLE = Automatic;
				INFOPLIST_FILE = SimplyCrypto/Info.plist;
				LD_RUNPATH_SEARCH_PATHS = (
					"$(inherited)",
					"@executable_path/Frameworks",
				);
				PRODUCT_BUNDLE_IDENTIFIER = group18.SimplyCrypto;
				PRODUCT_NAME = "$(TARGET_NAME)";
				SWIFT_VERSION = 5.0;
				TARGETED_DEVICE_FAMILY = "1,2";
			};
			name = Release;
		};
		48BDF7B2226F753500A455A3 /* Debug */ = {
			isa = XCBuildConfiguration;
			baseConfigurationReference = CEA458E25FB987BA71D131EF /* Pods-SimplyCryptoTests.debug.xcconfig */;
			buildSettings = {
				ALWAYS_EMBED_SWIFT_STANDARD_LIBRARIES = YES;
				BUNDLE_LOADER = "$(TEST_HOST)";
				CODE_SIGN_STYLE = Automatic;
				INFOPLIST_FILE = SimplyCryptoTests/Info.plist;
				LD_RUNPATH_SEARCH_PATHS = (
					"$(inherited)",
					"@executable_path/Frameworks",
					"@loader_path/Frameworks",
				);
				PRODUCT_BUNDLE_IDENTIFIER = group18.SimplyCryptoTests;
				PRODUCT_NAME = "$(TARGET_NAME)";
				SWIFT_VERSION = 5.0;
				TARGETED_DEVICE_FAMILY = "1,2";
				TEST_HOST = "$(BUILT_PRODUCTS_DIR)/SimplyCrypto.app/SimplyCrypto";
			};
			name = Debug;
		};
		48BDF7B3226F753500A455A3 /* Release */ = {
			isa = XCBuildConfiguration;
			baseConfigurationReference = DFB54FBE051AAF9C32C231C8 /* Pods-SimplyCryptoTests.release.xcconfig */;
			buildSettings = {
				ALWAYS_EMBED_SWIFT_STANDARD_LIBRARIES = YES;
				BUNDLE_LOADER = "$(TEST_HOST)";
				CODE_SIGN_STYLE = Automatic;
				INFOPLIST_FILE = SimplyCryptoTests/Info.plist;
				LD_RUNPATH_SEARCH_PATHS = (
					"$(inherited)",
					"@executable_path/Frameworks",
					"@loader_path/Frameworks",
				);
				PRODUCT_BUNDLE_IDENTIFIER = group18.SimplyCryptoTests;
				PRODUCT_NAME = "$(TARGET_NAME)";
				SWIFT_VERSION = 5.0;
				TARGETED_DEVICE_FAMILY = "1,2";
				TEST_HOST = "$(BUILT_PRODUCTS_DIR)/SimplyCrypto.app/SimplyCrypto";
			};
			name = Release;
		};
/* End XCBuildConfiguration section */

/* Begin XCConfigurationList section */
		48BDF78C226F753400A455A3 /* Build configuration list for PBXProject "SimplyCrypto" */ = {
			isa = XCConfigurationList;
			buildConfigurations = (
				48BDF7AC226F753500A455A3 /* Debug */,
				48BDF7AD226F753500A455A3 /* Release */,
			);
			defaultConfigurationIsVisible = 0;
			defaultConfigurationName = Release;
		};
		48BDF7AE226F753500A455A3 /* Build configuration list for PBXNativeTarget "SimplyCrypto" */ = {
			isa = XCConfigurationList;
			buildConfigurations = (
				48BDF7AF226F753500A455A3 /* Debug */,
				48BDF7B0226F753500A455A3 /* Release */,
			);
			defaultConfigurationIsVisible = 0;
			defaultConfigurationName = Release;
		};
		48BDF7B1226F753500A455A3 /* Build configuration list for PBXNativeTarget "SimplyCryptoTests" */ = {
			isa = XCConfigurationList;
			buildConfigurations = (
				48BDF7B2226F753500A455A3 /* Debug */,
				48BDF7B3226F753500A455A3 /* Release */,
			);
			defaultConfigurationIsVisible = 0;
			defaultConfigurationName = Release;
		};
/* End XCConfigurationList section */
	};
	rootObject = 48BDF789226F753400A455A3 /* Project object */;
}
